{
    "_meta": {
        "hash": {
            "sha256": "458b516b9f070a534635b923f4b947eecf93cab26357b26bcfc9244bf1bc6163"
        },
        "pipfile-spec": 6,
        "requires": {
            "python_version": "3.6"
        },
        "sources": [
            {
                "name": "pypi",
                "url": "https://pypi.org/simple",
                "verify_ssl": true
            }
        ]
    },
    "default": {
        "django": {
            "hashes": [
                "sha256:e4aa221fc52f32074f295fc81486e54d35fe176284d6a19c8bf9acaeddd058b4",
                "sha256:e54667ad305a29f5895f14108127cc79dabebce2e80c7c6cf852a6495de26aa6"
            ],
            "index": "pypi",
            "version": "==1.9.5"
        },
        "django-crispy-forms": {
            "hashes": [
                "sha256:18758a8baae8324c59dbc2ba6aad4e375cdb94bea638c45d6f45aeb029d0d142",
                "sha256:67fbb7194bd9887d663161405c623f5f5cd3f9ee627515c4de7a50e16fa44ed1"
            ],
            "index": "pypi",
            "version": "==1.6.0"
        },
        "django-filter": {
            "hashes": [
                "sha256:b4c1614576fe696d1a91d08f100caeffcbc084d93181b3df26f5d4fc0131f0fc",
                "sha256:f5e10bea3b30e43a9b0b7efdca8e91cb0c1d5bf4d316e8fb6c0c22300d30c7dd"
            ],
            "index": "pypi",
            "version": "==0.13.0"
        },
        "django-markdown-deux": {
            "hashes": [
                "sha256:5b4a3cd9454af5b4cec0e19151b41d98d09400ddae0688afb81dbf62a4edafff"
            ],
            "index": "pypi",
            "version": "==1.0.5"
        },
        "django-pagedown": {
            "hashes": [
                "sha256:898df5457d480c37ccd85c5211bdcf1bb75191d4c6b351db9eba8148458ea50e"
            ],
            "index": "pypi",
            "version": "==0.1.1"
        },
        "djangorestframework": {
            "hashes": [
                "sha256:4f47056ad798103fc9fb049dff8a67a91963bd215d31bad12ad72b891559ab16",
                "sha256:f606f2bb4e9bb320937cb6ccce299991b2d302f5cc705a671dffca491e55935c"
            ],
            "index": "pypi",
            "version": "==3.3.3"
        },
        "djangorestframework-jwt": {
            "hashes": [
                "sha256:859ae9ce200e0087b7177ffae94adc47a36ff21f5dfb4409befd39e38c87042b",
                "sha256:f5718cdef7d8d8f48c790a1f2beeefe705cd4f3871e1b23fb3034c655e8c7ed7"
            ],
            "index": "pypi",
            "version": "==1.8.0"
        },
        "markdown": {
            "hashes": [
                "sha256:022239550fb4a84bcc3b3b42dff9a41efc56d773ef17c4f28016dd8f265c82d0",
                "sha256:9a292bb40d6d29abac8024887bcfc1159d7a32dc1d6f1f6e8d6d8e293666c504"
            ],
            "index": "pypi",
            "version": "==2.6.6"
        },
        "markdown2": {
            "hashes": [
                "sha256:4463dd754e79e4afd490c21d81db67b85b488a0d0adf2fee2b99a69c4e67d80e"
            ],
            "index": "pypi",
            "version": "==2.3.1"
        },
        "pillow": {
            "hashes": [
                "sha256:01425106e4e8cee195a411f729cff2a7d61813b0b11737c12bd5991f5f14bcd5",
                "sha256:031a6c88c77d08aab84fecc05c3cde8414cd6f8406f4d2b16fed1e97634cc8a4",
                "sha256:083781abd261bdabf090ad07bb69f8f5599943ddb539d64497ed021b2a67e5a9",
                "sha256:0d19d70ee7c2ba97631bae1e7d4725cdb2ecf238178096e8c82ee481e189168a",
                "sha256:0e04d61f0064b545b989126197930807c86bcbd4534d39168f4aa5fda39bb8f9",
                "sha256:12e5e7471f9b637762453da74e390e56cc43e486a88289995c1f4c1dc0bfe727",
                "sha256:22fd0f42ad15dfdde6c581347eaa4adb9a6fc4b865f90b23378aa7914895e120",
                "sha256:238c197fc275b475e87c1453b05b467d2d02c2915fdfdd4af126145ff2e4610c",
                "sha256:3b570f84a6161cf8865c4e08adf629441f56e32f180f7aa4ccbd2e0a5a02cba2",
                "sha256:463822e2f0d81459e113372a168f2ff59723e78528f91f0bd25680ac185cf797",
                "sha256:4d98abdd6b1e3bf1a1cbb14c3895226816e666749ac040c4e2554231068c639b",
                "sha256:5afe6b237a0b81bd54b53f835a153770802f164c5570bab5e005aad693dab87f",
                "sha256:5b70110acb39f3aff6b74cf09bb4169b167e2660dabc304c1e25b6555fa781ef",
                "sha256:5cbf3e3b1014dddc45496e8cf38b9f099c95a326275885199f427825c6522232",
                "sha256:624b977355cde8b065f6d51b98497d6cd5fbdd4f36405f7a8790e3376125e2bb",
                "sha256:63728564c1410d99e6d1ae8e3b810fe012bc440952168af0a2877e8ff5ab96b9",
                "sha256:66cc56579fd91f517290ab02c51e3a80f581aba45fd924fcdee01fa06e635812",
                "sha256:6c32cc3145928c4305d142ebec682419a6c0a8ce9e33db900027ddca1ec39178",
                "sha256:8b56553c0345ad6dcb2e9b433ae47d67f95fc23fe28a0bde15a120f25257e291",
                "sha256:8bb1e155a74e1bfbacd84555ea62fa21c58e0b4e7e6b20e4447b8d07990ac78b",
                "sha256:95d5ef984eff897850f3a83883363da64aae1000e79cb3c321915468e8c6add5",
                "sha256:a013cbe25d20c2e0c4e85a9daf438f85121a4d0344ddc76e33fd7e3965d9af4b",
                "sha256:a787ab10d7bb5494e5f76536ac460741788f1fbce851068d73a87ca7c35fc3e1",
                "sha256:a7d5e9fad90eff8f6f6106d3b98b553a88b6f976e51fce287192a5d2d5363713",
                "sha256:aac00e4bc94d1b7813fe882c28990c1bc2f9d0e1aa765a5f2b516e8a6a16a9e4",
                "sha256:b91c36492a4bbb1ee855b7d16fe51379e5f96b85692dc8210831fbb24c43e484",
                "sha256:c03c07ed32c5324939b19e36ae5f75c660c81461e312a41aea30acdd46f93a7c",
                "sha256:c5236606e8570542ed424849f7852a0ff0bce2c4c8d0ba05cc202a5a9c97dee9",
                "sha256:c6b39294464b03457f9064e98c124e09008b35a62e3189d3513e5148611c9388",
                "sha256:cb7a09e173903541fa888ba010c345893cd9fc1b5891aaf060f6ca77b6a3722d",
                "sha256:d68cb92c408261f806b15923834203f024110a2e2872ecb0bd2a110f89d3c602",
                "sha256:dc38f57d8f20f06dd7c3161c59ca2c86893632623f33a42d592f097b00f720a9",
                "sha256:e98eca29a05913e82177b3ba3d198b1728e164869c613d76d0de4bde6768a50e",
                "sha256:f217c3954ce5fd88303fc0c317af55d5e0204106d86dea17eb8205700d47dec2"
            ],
            "index": "pypi",
            "version": "==8.2.0"
        },
        "pyjwt": {
            "hashes": [
                "sha256:a16cab0651d99a196903e4652159837562f0453ee58bbad9eacc9d3b00feb019",
                "sha256:e1b2386cfad541445b1d43e480b02ca37ec57259fd1a23e79415b57ba5d8a694"
            ],
            "index": "pypi",
            "version": "==1.4.0"
        }
    },
    "develop": {}
}
