{
    "_meta": {
        "hash": {
            "sha256": "543fbf0031ff37e02dd9bbbeecbe7cb04dab750d27eda80775234cbf24d1f52c"
        },
        "pipfile-spec": 6,
        "requires": {
            "python_version": "3.6"
        },
        "sources": [
            {
                "name": "pypi",
                "url": "https://pypi.org/simple",
                "verify_ssl": true
            }
        ]
    },
    "default": {
        "django": {
            "hashes": [
                "sha256:e4aa221fc52f32074f295fc81486e54d35fe176284d6a19c8bf9acaeddd058b4",
                "sha256:e54667ad305a29f5895f14108127cc79dabebce2e80c7c6cf852a6495de26aa6"
            ],
            "index": "pypi",
            "version": "==1.9.5"
        },
        "django-crispy-forms": {
            "hashes": [
                "sha256:18758a8baae8324c59dbc2ba6aad4e375cdb94bea638c45d6f45aeb029d0d142",
                "sha256:67fbb7194bd9887d663161405c623f5f5cd3f9ee627515c4de7a50e16fa44ed1"
            ],
            "index": "pypi",
            "version": "==1.6.0"
        },
        "django-filter": {
            "hashes": [
                "sha256:b4c1614576fe696d1a91d08f100caeffcbc084d93181b3df26f5d4fc0131f0fc",
                "sha256:f5e10bea3b30e43a9b0b7efdca8e91cb0c1d5bf4d316e8fb6c0c22300d30c7dd"
            ],
            "index": "pypi",
            "version": "==0.13.0"
        },
        "django-markdown-deux": {
            "hashes": [
                "sha256:5b4a3cd9454af5b4cec0e19151b41d98d09400ddae0688afb81dbf62a4edafff"
            ],
            "index": "pypi",
            "version": "==1.0.5"
        },
        "django-pagedown": {
            "hashes": [
                "sha256:898df5457d480c37ccd85c5211bdcf1bb75191d4c6b351db9eba8148458ea50e"
            ],
            "index": "pypi",
            "version": "==0.1.1"
        },
        "djangorestframework": {
            "hashes": [
                "sha256:79c6efbb2514bc50cf25906d7c0a5cfead714c7af667ff4bd110312cd380ae66",
                "sha256:a4138613b67e3a223be6c97f53b13d759c5b90d2b433bad670b8ebf95402075f"
            ],
            "index": "pypi",
            "version": "==3.9.1"
        },
        "djangorestframework-jwt": {
            "hashes": [
                "sha256:859ae9ce200e0087b7177ffae94adc47a36ff21f5dfb4409befd39e38c87042b",
                "sha256:f5718cdef7d8d8f48c790a1f2beeefe705cd4f3871e1b23fb3034c655e8c7ed7"
            ],
            "index": "pypi",
            "version": "==1.8.0"
        },
        "markdown": {
            "hashes": [
                "sha256:022239550fb4a84bcc3b3b42dff9a41efc56d773ef17c4f28016dd8f265c82d0",
                "sha256:9a292bb40d6d29abac8024887bcfc1159d7a32dc1d6f1f6e8d6d8e293666c504"
            ],
            "index": "pypi",
            "version": "==2.6.6"
        },
        "markdown2": {
            "hashes": [
                "sha256:4463dd754e79e4afd490c21d81db67b85b488a0d0adf2fee2b99a69c4e67d80e"
            ],
            "index": "pypi",
            "version": "==2.3.1"
        },
        "pillow": {
            "hashes": [
                "sha256:15c056bfa284c30a7f265a41ac4cbbc93bdbfc0dfe0613b9cb8a8581b51a9e55",
                "sha256:1a4e06ba4f74494ea0c58c24de2bb752818e9d504474ec95b0aa94f6b0a7e479",
                "sha256:1c3c707c76be43c9e99cb7e3d5f1bee1c8e5be8b8a2a5eeee665efbf8ddde91a",
                "sha256:1fd0b290203e3b0882d9605d807b03c0f47e3440f97824586c173eca0aadd99d",
                "sha256:24114e4a6e1870c5a24b1da8f60d0ba77a0b4027907860188ea82bd3508c80eb",
                "sha256:258d886a49b6b058cd7abb0ab4b2b85ce78669a857398e83e8b8e28b317b5abb",
                "sha256:33c79b6dd6bc7f65079ab9ca5bebffb5f5d1141c689c9c6a7855776d1b09b7e8",
                "sha256:367385fc797b2c31564c427430c7a8630db1a00bd040555dfc1d5c52e39fcd72",
                "sha256:3c1884ff078fb8bf5f63d7d86921838b82ed4a7d0c027add773c2f38b3168754",
                "sha256:44e5240e8f4f8861d748f2a58b3f04daadab5e22bfec896bf5434745f788f33f",
                "sha256:46aa988e15f3ea72dddd81afe3839437b755fffddb5e173886f11460be909dce",
                "sha256:74d90d499c9c736d52dd6d9b7221af5665b9c04f1767e35f5dd8694324bd4601",
                "sha256:809c0a2ce9032cbcd7b5313f71af4bdc5c8c771cb86eb7559afd954cab82ebb5",
                "sha256:85d1ef2cdafd5507c4221d201aaf62fc9276f8b0f71bd3933363e62a33abc734",
                "sha256:8c3889c7681af77ecfa4431cd42a2885d093ecb811e81fbe5e203abc07e0995b",
                "sha256:9218d81b9fca98d2c47d35d688a0cea0c42fd473159dfd5612dcb0483c63e40b",
                "sha256:9aa4f3827992288edd37c9df345783a69ef58bd20cc02e64b36e44bcd157bbf1",
                "sha256:9d80f44137a70b6f84c750d11019a3419f409c944526a95219bea0ac31f4dd91",
                "sha256:b7ebd36128a2fe93991293f997e44be9286503c7530ace6a55b938b20be288d8",
                "sha256:c4c78e2c71c257c136cdd43869fd3d5e34fc2162dc22e4a5406b0ebe86958239",
                "sha256:c6a842537f887be1fe115d8abb5daa9bc8cc124e455ff995830cc785624a97af",
                "sha256:cf0a2e040fdf5a6d95f4c286c6ef1df6b36c218b528c8a9158ec2452a804b9b8",
                "sha256:cfd28aad6fc61f7a5d4ee556a997dc6e5555d9381d1390c00ecaf984d57e4232",
                "sha256:dca5660e25932771460d4688ccbb515677caaf8595f3f3240ec16c117deff89a",
                "sha256:de7aedc85918c2f887886442e50f52c1b93545606317956d65f342bd81cb4fc3",
                "sha256:e6c0bbf8e277b74196e3140c35f9a1ae3eafd818f7f2d3a15819c49135d6c062"
            ],
            "index": "pypi",
            "version": "==6.0.0"
        },
        "pyjwt": {
            "hashes": [
                "sha256:a16cab0651d99a196903e4652159837562f0453ee58bbad9eacc9d3b00feb019",
                "sha256:e1b2386cfad541445b1d43e480b02ca37ec57259fd1a23e79415b57ba5d8a694"
            ],
            "index": "pypi",
            "version": "==1.4.0"
        }
    },
    "develop": {}
}
